// !$*UTF8*$!
{
	archiveVersion = 1;
	classes = {
	};
	objectVersion = 50;
	objects = {

/* Begin PBXBuildFile section */
		C00A3CC7242E6B78003C8E82 /* CustomTableViewCell.swift in Sources */ = {isa = PBXBuildFile; fileRef = C00A3CC6242E6B78003C8E82 /* CustomTableViewCell.swift */; };
		C030120A2430E66600D0B383 /* ExclamationRed.png in Resources */ = {isa = PBXBuildFile; fileRef = C03012092430E66600D0B383 /* ExclamationRed.png */; };
		C0301213243101AC00D0B383 /* ImageDownloader.swift in Sources */ = {isa = PBXBuildFile; fileRef = C0301212243101AC00D0B383 /* ImageDownloader.swift */; };
		C05E9048242D0B7500EA77BF /* APIHandler.swift in Sources */ = {isa = PBXBuildFile; fileRef = C05E9047242D0B7500EA77BF /* APIHandler.swift */; };
		C05E904A242D11F900EA77BF /* Modelobject.swift in Sources */ = {isa = PBXBuildFile; fileRef = C05E9049242D11F900EA77BF /* Modelobject.swift */; };
		C0FB337D242CBFF200D84496 /* AppDelegate.swift in Sources */ = {isa = PBXBuildFile; fileRef = C0FB337C242CBFF200D84496 /* AppDelegate.swift */; };
		C0FB3381242CBFF200D84496 /* ViewController.swift in Sources */ = {isa = PBXBuildFile; fileRef = C0FB3380242CBFF200D84496 /* ViewController.swift */; };
		C0FB3393242CDA5000D84496 /* Response.json in Resources */ = {isa = PBXBuildFile; fileRef = C0FB3392242CDA5000D84496 /* Response.json */; };
/* End PBXBuildFile section */

/* Begin PBXFileReference section */
		C00A3CC6242E6B78003C8E82 /* CustomTableViewCell.swift */ = {isa = PBXFileReference; lastKnownFileType = sourcecode.swift; path = CustomTableViewCell.swift; sourceTree = "<group>"; };
		C03012092430E66600D0B383 /* ExclamationRed.png */ = {isa = PBXFileReference; lastKnownFileType = image.png; path = ExclamationRed.png; sourceTree = "<group>"; };
		C0301212243101AC00D0B383 /* ImageDownloader.swift */ = {isa = PBXFileReference; lastKnownFileType = sourcecode.swift; path = ImageDownloader.swift; sourceTree = "<group>"; };
		C05E9047242D0B7500EA77BF /* APIHandler.swift */ = {isa = PBXFileReference; lastKnownFileType = sourcecode.swift; path = APIHandler.swift; sourceTree = "<group>"; };
		C05E9049242D11F900EA77BF /* Modelobject.swift */ = {isa = PBXFileReference; lastKnownFileType = sourcecode.swift; path = Modelobject.swift; sourceTree = "<group>"; };
		C0FB3379242CBFF100D84496 /* SampleTableView.app */ = {isa = PBXFileReference; explicitFileType = wrapper.application; includeInIndex = 0; path = SampleTableView.app; sourceTree = BUILT_PRODUCTS_DIR; };
		C0FB337C242CBFF200D84496 /* AppDelegate.swift */ = {isa = PBXFileReference; lastKnownFileType = sourcecode.swift; path = AppDelegate.swift; sourceTree = "<group>"; };
		C0FB3380242CBFF200D84496 /* ViewController.swift */ = {isa = PBXFileReference; lastKnownFileType = sourcecode.swift; path = ViewController.swift; sourceTree = "<group>"; };
		C0FB338A242CBFF400D84496 /* Info.plist */ = {isa = PBXFileReference; lastKnownFileType = text.plist.xml; path = Info.plist; sourceTree = "<group>"; };
		C0FB3392242CDA5000D84496 /* Response.json */ = {isa = PBXFileReference; lastKnownFileType = text.json; path = Response.json; sourceTree = "<group>"; };
/* End PBXFileReference section */

/* Begin PBXFrameworksBuildPhase section */
		C0FB3376242CBFF100D84496 /* Frameworks */ = {
			isa = PBXFrameworksBuildPhase;
			buildActionMask = 2147483647;
			files = (
			);
			runOnlyForDeploymentPostprocessing = 0;
		};
/* End PBXFrameworksBuildPhase section */

/* Begin PBXGroup section */
		C030120D2430FC7100D0B383 /* Model */ = {
			isa = PBXGroup;
			children = (
				C05E9049242D11F900EA77BF /* Modelobject.swift */,
				C05E9047242D0B7500EA77BF /* APIHandler.swift */,
			);
			path = Model;
			sourceTree = "<group>";
		};
		C030120E2430FC7800D0B383 /* View */ = {
			isa = PBXGroup;
			children = (
				C00A3CC6242E6B78003C8E82 /* CustomTableViewCell.swift */,
			);
			path = View;
			sourceTree = "<group>";
		};
		C030120F2430FC7E00D0B383 /* Controller */ = {
			isa = PBXGroup;
			children = (
				C0FB3380242CBFF200D84496 /* ViewController.swift */,
				C0301212243101AC00D0B383 /* ImageDownloader.swift */,
			);
			path = Controller;
			sourceTree = "<group>";
		};
		C0FB3370242CBFF100D84496 = {
			isa = PBXGroup;
			children = (
				C0FB337B242CBFF100D84496 /* SampleTableView */,
				C0FB337A242CBFF100D84496 /* Products */,
			);
			sourceTree = "<group>";
		};
		C0FB337A242CBFF100D84496 /* Products */ = {
			isa = PBXGroup;
			children = (
				C0FB3379242CBFF100D84496 /* SampleTableView.app */,
			);
			name = Products;
			sourceTree = "<group>";
		};
		C0FB337B242CBFF100D84496 /* SampleTableView */ = {
			isa = PBXGroup;
			children = (
				C0FB337C242CBFF200D84496 /* AppDelegate.swift */,
				C030120F2430FC7E00D0B383 /* Controller */,
				C030120E2430FC7800D0B383 /* View */,
				C030120D2430FC7100D0B383 /* Model */,
				C0FB338A242CBFF400D84496 /* Info.plist */,
				C0FB3392242CDA5000D84496 /* Response.json */,
				C03012092430E66600D0B383 /* ExclamationRed.png */,
			);
			path = SampleTableView;
			sourceTree = "<group>";
		};
/* End PBXGroup section */

/* Begin PBXNativeTarget section */
		C0FB3378242CBFF100D84496 /* SampleTableView */ = {
			isa = PBXNativeTarget;
			buildConfigurationList = C0FB338D242CBFF400D84496 /* Build configuration list for PBXNativeTarget "SampleTableView" */;
			buildPhases = (
				C0FB3375242CBFF100D84496 /* Sources */,
				C0FB3376242CBFF100D84496 /* Frameworks */,
				C0FB3377242CBFF100D84496 /* Resources */,
			);
			buildRules = (
			);
			dependencies = (
			);
			name = SampleTableView;
			productName = SampleTableView;
			productReference = C0FB3379242CBFF100D84496 /* SampleTableView.app */;
			productType = "com.apple.product-type.application";
		};
/* End PBXNativeTarget section */

/* Begin PBXProject section */
		C0FB3371242CBFF100D84496 /* Project object */ = {
			isa = PBXProject;
			attributes = {
				LastSwiftUpdateCheck = 1130;
				LastUpgradeCheck = 1130;
				ORGANIZATIONNAME = 922235;
				TargetAttributes = {
					C0FB3378242CBFF100D84496 = {
						CreatedOnToolsVersion = 11.3.1;
					};
				};
			};
			buildConfigurationList = C0FB3374242CBFF100D84496 /* Build configuration list for PBXProject "SampleTableView" */;
			compatibilityVersion = "Xcode 9.3";
			developmentRegion = en;
			hasScannedForEncodings = 0;
			knownRegions = (
				en,
				Base,
			);
			mainGroup = C0FB3370242CBFF100D84496;
			productRefGroup = C0FB337A242CBFF100D84496 /* Products */;
			projectDirPath = "";
			projectRoot = "";
			targets = (
				C0FB3378242CBFF100D84496 /* SampleTableView */,
			);
		};
/* End PBXProject section */

/* Begin PBXResourcesBuildPhase section */
		C0FB3377242CBFF100D84496 /* Resources */ = {
			isa = PBXResourcesBuildPhase;
			buildActionMask = 2147483647;
			files = (
				C030120A2430E66600D0B383 /* ExclamationRed.png in Resources */,
				C0FB3393242CDA5000D84496 /* Response.json in Resources */,
			);
			runOnlyForDeploymentPostprocessing = 0;
		};
/* End PBXResourcesBuildPhase section */

/* Begin PBXSourcesBuildPhase section */
		C0FB3375242CBFF100D84496 /* Sources */ = {
			isa = PBXSourcesBuildPhase;
			buildActionMask = 2147483647;
			files = (
				C05E904A242D11F900EA77BF /* Modelobject.swift in Sources */,
				C00A3CC7242E6B78003C8E82 /* CustomTableViewCell.swift in Sources */,
				C05E9048242D0B7500EA77BF /* APIHandler.swift in Sources */,
				C0FB3381242CBFF200D84496 /* ViewController.swift in Sources */,
				C0301213243101AC00D0B383 /* ImageDownloader.swift in Sources */,
				C0FB337D242CBFF200D84496 /* AppDelegate.swift in Sources */,
			);
			runOnlyForDeploymentPostprocessing = 0;
		};
/* End PBXSourcesBuildPhase section */

/* Begin XCBuildConfiguration section */
		C0FB338B242CBFF400D84496 /* Debug */ = {
			isa = XCBuildConfiguration;
			buildSettings = {
				ALWAYS_SEARCH_USER_PATHS = NO;
				CLANG_ANALYZER_NONNULL = YES;
				CLANG_ANALYZER_NUMBER_OBJECT_CONVERSION = YES_AGGRESSIVE;
				CLANG_CXX_LANGUAGE_STANDARD = "gnu++14";
				CLANG_CXX_LIBRARY = "libc++";
				CLANG_ENABLE_MODULES = YES;
				CLANG_ENABLE_OBJC_ARC = YES;
				CLANG_ENABLE_OBJC_WEAK = YES;
				CLANG_WARN_BLOCK_CAPTURE_AUTORELEASING = YES;
				CLANG_WARN_BOOL_CONVERSION = YES;
				CLANG_WARN_COMMA = YES;
				CLANG_WARN_CONSTANT_CONVERSION = YES;
				CLANG_WARN_DEPRECATED_OBJC_IMPLEMENTATIONS = YES;
				CLANG_WARN_DIRECT_OBJC_ISA_USAGE = YES_ERROR;
				CLANG_WARN_DOCUMENTATION_COMMENTS = YES;
				CLANG_WARN_EMPTY_BODY = YES;
				CLANG_WARN_ENUM_CONVERSION = YES;
				CLANG_WARN_INFINITE_RECURSION = YES;
				CLANG_WARN_INT_CONVERSION = YES;
				CLANG_WARN_NON_LITERAL_NULL_CONVERSION = YES;
				CLANG_WARN_OBJC_IMPLICIT_RETAIN_SELF = YES;
				CLANG_WARN_OBJC_LITERAL_CONVERSION = YES;
				CLANG_WARN_OBJC_ROOT_CLASS = YES_ERROR;
				CLANG_WARN_RANGE_LOOP_ANALYSIS = YES;
				CLANG_WARN_STRICT_PROTOTYPES = YES;
				CLANG_WARN_SUSPICIOUS_MOVE = YES;
				CLANG_WARN_UNGUARDED_AVAILABILITY = YES_AGGRESSIVE;
				CLANG_WARN_UNREACHABLE_CODE = YES;
				CLANG_WARN__DUPLICATE_METHOD_MATCH = YES;
				COPY_PHASE_STRIP = NO;
				DEBUG_INFORMATION_FORMAT = dwarf;
				ENABLE_STRICT_OBJC_MSGSEND = YES;
				ENABLE_TESTABILITY = YES;
				GCC_C_LANGUAGE_STANDARD = gnu11;
				GCC_DYNAMIC_NO_PIC = NO;
				GCC_NO_COMMON_BLOCKS = YES;
				GCC_OPTIMIZATION_LEVEL = 0;
				GCC_PREPROCESSOR_DEFINITIONS = (
					"DEBUG=1",
					"$(inherited)",
				);
				GCC_WARN_64_TO_32_BIT_CONVERSION = YES;
				GCC_WARN_ABOUT_RETURN_TYPE = YES_ERROR;
				GCC_WARN_UNDECLARED_SELECTOR = YES;
				GCC_WARN_UNINITIALIZED_AUTOS = YES_AGGRESSIVE;
				GCC_WARN_UNUSED_FUNCTION = YES;
				GCC_WARN_UNUSED_VARIABLE = YES;
				IPHONEOS_DEPLOYMENT_TARGET = 13.2;
				MTL_ENABLE_DEBUG_INFO = INCLUDE_SOURCE;
				MTL_FAST_MATH = YES;
				ONLY_ACTIVE_ARCH = YES;
				SDKROOT = iphoneos;
				SWIFT_ACTIVE_COMPILATION_CONDITIONS = DEBUG;
				SWIFT_OPTIMIZATION_LEVEL = "-Onone";
			};
			name = Debug;
		};
		C0FB338C242CBFF400D84496 /* Release */ = {
			isa = XCBuildConfiguration;
			buildSettings = {
				ALWAYS_SEARCH_USER_PATHS = NO;
				CLANG_ANALYZER_NONNULL = YES;
				CLANG_ANALYZER_NUMBER_OBJECT_CONVERSION = YES_AGGRESSIVE;
				CLANG_CXX_LANGUAGE_STANDARD = "gnu++14";
				CLANG_CXX_LIBRARY = "libc++";
				CLANG_ENABLE_MODULES = YES;
				CLANG_ENABLE_OBJC_ARC = YES;
				CLANG_ENABLE_OBJC_WEAK = YES;
				CLANG_WARN_BLOCK_CAPTURE_AUTORELEASING = YES;
				CLANG_WARN_BOOL_CONVERSION = YES;
				CLANG_WARN_COMMA = YES;
				CLANG_WARN_CONSTANT_CONVERSION = YES;
				CLANG_WARN_DEPRECATED_OBJC_IMPLEMENTATIONS = YES;
				CLANG_WARN_DIRECT_OBJC_ISA_USAGE = YES_ERROR;
				CLANG_WARN_DOCUMENTATION_COMMENTS = YES;
				CLANG_WARN_EMPTY_BODY = YES;
				CLANG_WARN_ENUM_CONVERSION = YES;
				CLANG_WARN_INFINITE_RECURSION = YES;
				CLANG_WARN_INT_CONVERSION = YES;
				CLANG_WARN_NON_LITERAL_NULL_CONVERSION = YES;
				CLANG_WARN_OBJC_IMPLICIT_RETAIN_SELF = YES;
				CLANG_WARN_OBJC_LITERAL_CONVERSION = YES;
				CLANG_WARN_OBJC_ROOT_CLASS = YES_ERROR;
				CLANG_WARN_RANGE_LOOP_ANALYSIS = YES;
				CLANG_WARN_STRICT_PROTOTYPES = YES;
				CLANG_WARN_SUSPICIOUS_MOVE = YES;
				CLANG_WARN_UNGUARDED_AVAILABILITY = YES_AGGRESSIVE;
				CLANG_WARN_UNREACHABLE_CODE = YES;
				CLANG_WARN__DUPLICATE_METHOD_MATCH = YES;
				COPY_PHASE_STRIP = NO;
				DEBUG_INFORMATION_FORMAT = "dwarf-with-dsym";
				ENABLE_NS_ASSERTIONS = NO;
				ENABLE_STRICT_OBJC_MSGSEND = YES;
				GCC_C_LANGUAGE_STANDARD = gnu11;
				GCC_NO_COMMON_BLOCKS = YES;
				GCC_WARN_64_TO_32_BIT_CONVERSION = YES;
				GCC_WARN_ABOUT_RETURN_TYPE = YES_ERROR;
				GCC_WARN_UNDECLARED_SELECTOR = YES;
				GCC_WARN_UNINITIALIZED_AUTOS = YES_AGGRESSIVE;
				GCC_WARN_UNUSED_FUNCTION = YES;
				GCC_WARN_UNUSED_VARIABLE = YES;
				IPHONEOS_DEPLOYMENT_TARGET = 13.2;
				MTL_ENABLE_DEBUG_INFO = NO;
				MTL_FAST_MATH = YES;
				SDKROOT = iphoneos;
				SWIFT_COMPILATION_MODE = wholemodule;
				SWIFT_OPTIMIZATION_LEVEL = "-O";
				VALIDATE_PRODUCT = YES;
			};
			name = Release;
		};
		C0FB338E242CBFF400D84496 /* Debug */ = {
			isa = XCBuildConfiguration;
			buildSettings = {
				ASSETCATALOG_COMPILER_APPICON_NAME = AppIcon;
				CODE_SIGN_STYLE = Automatic;
				DEVELOPMENT_TEAM = 8SF4B9QY87;
				INFOPLIST_FILE = SampleTableView/Info.plist;
				LD_RUNPATH_SEARCH_PATHS = (
					"$(inherited)",
					"@executable_path/Frameworks",
				);
				PRODUCT_BUNDLE_IDENTIFIER = com.tcs.SampleTableView;
				PRODUCT_NAME = "$(TARGET_NAME)";
				SWIFT_VERSION = 5.0;
				TARGETED_DEVICE_FAMILY = "1,2";
			};
			name = Debug;
		};
		C0FB338F242CBFF400D84496 /* Release */ = {
			isa = XCBuildConfiguration;
			buildSettings = {
				ASSETCATALOG_COMPILER_APPICON_NAME = AppIcon;
				CODE_SIGN_STYLE = Automatic;
				DEVELOPMENT_TEAM = 8SF4B9QY87;
				INFOPLIST_FILE = SampleTableView/Info.plist;
				LD_RUNPATH_SEARCH_PATHS = (
					"$(inherited)",
					"@executable_path/Frameworks",
				);
				PRODUCT_BUNDLE_IDENTIFIER = com.tcs.SampleTableView;
				PRODUCT_NAME = "$(TARGET_NAME)";
				SWIFT_VERSION = 5.0;
				TARGETED_DEVICE_FAMILY = "1,2";
			};
			name = Release;
		};
/* End XCBuildConfiguration section */

/* Begin XCConfigurationList section */
		C0FB3374242CBFF100D84496 /* Build configuration list for PBXProject "SampleTableView" */ = {
			isa = XCConfigurationList;
			buildConfigurations = (
				C0FB338B242CBFF400D84496 /* Debug */,
				C0FB338C242CBFF400D84496 /* Release */,
			);
			defaultConfigurationIsVisible = 0;
			defaultConfigurationName = Release;
		};
		C0FB338D242CBFF400D84496 /* Build configuration list for PBXNativeTarget "SampleTableView" */ = {
			isa = XCConfigurationList;
			buildConfigurations = (
				C0FB338E242CBFF400D84496 /* Debug */,
				C0FB338F242CBFF400D84496 /* Release */,
			);
			defaultConfigurationIsVisible = 0;
			defaultConfigurationName = Release;
		};
/* End XCConfigurationList section */
	};
	rootObject = C0FB3371242CBFF100D84496 /* Project object */;
}
